
Microsoft Visual Studio Solution File, Format Version 12.00
# Visual Studio 15
VisualStudioVersion = 15.0.27004.2008
MinimumVisualStudioVersion = 10.0.40219.1
Project("{FAE04EC0-301F-11D3-BF4B-00C04F79EFBC}") = "Kokuz", "Kokuz\Kokuz.csproj", "{FD84D488-EE86-42E0-A997-1A68CB0B2AD4}"
EndProject
Global
	GlobalSection(SolutionConfigurationPlatforms) = preSolution
		Debug|Any CPU = Debug|Any CPU
		Release|Any CPU = Release|Any CPU
	EndGlobalSection
	GlobalSection(ProjectConfigurationPlatforms) = postSolution
		{FD84D488-EE86-42E0-A997-1A68CB0B2AD4}.Debug|Any CPU.ActiveCfg = Debug|Any CPU
		{FD84D488-EE86-42E0-A997-1A68CB0B2AD4}.Debug|Any CPU.Build.0 = Debug|Any CPU
		{FD84D488-EE86-42E0-A997-1A68CB0B2AD4}.Release|Any CPU.ActiveCfg = Release|Any CPU
		{FD84D488-EE86-42E0-A997-1A68CB0B2AD4}.Release|Any CPU.Build.0 = Release|Any CPU
	EndGlobalSection
	GlobalSection(SolutionProperties) = preSolution
		HideSolutionNode = FALSE
	EndGlobalSection
	GlobalSection(ExtensibilityGlobals) = postSolution
		SolutionGuid = {6F08DD5A-E9F1-40D3-A6AC-6302BE0AF873}
	EndGlobalSection
EndGlobal
